
Microsoft Visual Studio Solution File, Format Version 12.00
# Visual Studio 15
Project("{2150E333-8FDC-42A3-9474-1A3956D46DE8}") = "0 - Domain", "0 - Domain", "{534A965F-30F6-437C-8528-4314D05E5AD6}"
EndProject
Project("{2150E333-8FDC-42A3-9474-1A3956D46DE8}") = "1 - Tests", "1 - Tests", "{61F0C03C-33E0-4EAB-B72E-FA9E74480D77}"
EndProject
Project("{2150E333-8FDC-42A3-9474-1A3956D46DE8}") = "2 - Infra", "2 - Infra", "{E9D43841-E2FD-47B7-863B-00405E6D0975}"
EndProject
Project("{2150E333-8FDC-42A3-9474-1A3956D46DE8}") = "3 - Aplication", "3 - Aplication", "{C6297D53-D08F-4BA4-9071-0942E5F7704C}"
EndProject
Project("{2150E333-8FDC-42A3-9474-1A3956D46DE8}") = "4 - API", "4 - API", "{D12F4103-E622-4659-BB4F-DD1FE812264A}"
EndProject
Project("{2150E333-8FDC-42A3-9474-1A3956D46DE8}") = "5 - Presentation", "5 - Presentation", "{CCA67CC3-6FB0-43B1-BDBC-5A55E2BCBCAA}"
EndProject
Project("{FAE04EC0-301F-11D3-BF4B-00C04F79EFBC}") = "Ease.Domain", "Ease.Domain\Ease.Domain.csproj", "{4F949877-879C-47C0-BF14-15FF7ACEF603}"
EndProject
Project("{FAE04EC0-301F-11D3-BF4B-00C04F79EFBC}") = "Ease.Tests", "Ease.Test\Ease.Tests.csproj", "{CEA2345B-7383-4864-B974-E0D46DF649E5}"
EndProject
Project("{2150E333-8FDC-42A3-9474-1A3956D46DE8}") = "2.1 - CrossCutting", "2.1 - CrossCutting", "{7EE435EC-B581-4737-ACF5-D9B88085FB49}"
EndProject
Project("{2150E333-8FDC-42A3-9474-1A3956D46DE8}") = "2.2 - Data", "2.2 - Data", "{A26E3D0C-5F97-4ACC-9019-90C04FAD782E}"
EndProject
Project("{FAE04EC0-301F-11D3-BF4B-00C04F79EFBC}") = "Ease.Infra.Data", "Data\Ease.Infra.Data.csproj", "{E16AFFC2-48B7-48EF-BE11-1A6B526B9588}"
EndProject
Project("{FAE04EC0-301F-11D3-BF4B-00C04F79EFBC}") = "Ease.Application", "Ease.Application\Ease.Application.csproj", "{3A33A5DD-3A00-436C-B6BF-E7943AFE07B7}"
EndProject
Project("{FAE04EC0-301F-11D3-BF4B-00C04F79EFBC}") = "Ease.API", "Ease.API\Ease.API.csproj", "{A93B9D8A-50C4-4923-ACD2-F6328FF7B411}"
EndProject
Global
	GlobalSection(SolutionConfigurationPlatforms) = preSolution
		Debug|Any CPU = Debug|Any CPU
		Release|Any CPU = Release|Any CPU
	EndGlobalSection
	GlobalSection(ProjectConfigurationPlatforms) = postSolution
		{4F949877-879C-47C0-BF14-15FF7ACEF603}.Debug|Any CPU.ActiveCfg = Debug|Any CPU
		{4F949877-879C-47C0-BF14-15FF7ACEF603}.Debug|Any CPU.Build.0 = Debug|Any CPU
		{4F949877-879C-47C0-BF14-15FF7ACEF603}.Release|Any CPU.ActiveCfg = Release|Any CPU
		{4F949877-879C-47C0-BF14-15FF7ACEF603}.Release|Any CPU.Build.0 = Release|Any CPU
		{CEA2345B-7383-4864-B974-E0D46DF649E5}.Debug|Any CPU.ActiveCfg = Debug|Any CPU
		{CEA2345B-7383-4864-B974-E0D46DF649E5}.Debug|Any CPU.Build.0 = Debug|Any CPU
		{CEA2345B-7383-4864-B974-E0D46DF649E5}.Release|Any CPU.ActiveCfg = Release|Any CPU
		{CEA2345B-7383-4864-B974-E0D46DF649E5}.Release|Any CPU.Build.0 = Release|Any CPU
		{E16AFFC2-48B7-48EF-BE11-1A6B526B9588}.Debug|Any CPU.ActiveCfg = Debug|Any CPU
		{E16AFFC2-48B7-48EF-BE11-1A6B526B9588}.Debug|Any CPU.Build.0 = Debug|Any CPU
		{E16AFFC2-48B7-48EF-BE11-1A6B526B9588}.Release|Any CPU.ActiveCfg = Release|Any CPU
		{E16AFFC2-48B7-48EF-BE11-1A6B526B9588}.Release|Any CPU.Build.0 = Release|Any CPU
		{3A33A5DD-3A00-436C-B6BF-E7943AFE07B7}.Debug|Any CPU.ActiveCfg = Debug|Any CPU
		{3A33A5DD-3A00-436C-B6BF-E7943AFE07B7}.Debug|Any CPU.Build.0 = Debug|Any CPU
		{3A33A5DD-3A00-436C-B6BF-E7943AFE07B7}.Release|Any CPU.ActiveCfg = Release|Any CPU
		{3A33A5DD-3A00-436C-B6BF-E7943AFE07B7}.Release|Any CPU.Build.0 = Release|Any CPU
		{A93B9D8A-50C4-4923-ACD2-F6328FF7B411}.Debug|Any CPU.ActiveCfg = Debug|Any CPU
		{A93B9D8A-50C4-4923-ACD2-F6328FF7B411}.Debug|Any CPU.Build.0 = Debug|Any CPU
		{A93B9D8A-50C4-4923-ACD2-F6328FF7B411}.Release|Any CPU.ActiveCfg = Release|Any CPU
		{A93B9D8A-50C4-4923-ACD2-F6328FF7B411}.Release|Any CPU.Build.0 = Release|Any CPU
	EndGlobalSection
	GlobalSection(NestedProjects) = preSolution
		{4F949877-879C-47C0-BF14-15FF7ACEF603} = {534A965F-30F6-437C-8528-4314D05E5AD6}
		{CEA2345B-7383-4864-B974-E0D46DF649E5} = {61F0C03C-33E0-4EAB-B72E-FA9E74480D77}
		{7EE435EC-B581-4737-ACF5-D9B88085FB49} = {E9D43841-E2FD-47B7-863B-00405E6D0975}
		{A26E3D0C-5F97-4ACC-9019-90C04FAD782E} = {E9D43841-E2FD-47B7-863B-00405E6D0975}
		{E16AFFC2-48B7-48EF-BE11-1A6B526B9588} = {A26E3D0C-5F97-4ACC-9019-90C04FAD782E}
		{3A33A5DD-3A00-436C-B6BF-E7943AFE07B7} = {C6297D53-D08F-4BA4-9071-0942E5F7704C}
		{A93B9D8A-50C4-4923-ACD2-F6328FF7B411} = {D12F4103-E622-4659-BB4F-DD1FE812264A}
	EndGlobalSection
EndGlobal
